
Microsoft Visual Studio Solution File, Format Version 12.00
# Visual Studio Version 16
VisualStudioVersion = 16.0.31515.178
MinimumVisualStudioVersion = 10.0.40219.1
Project("{FAE04EC0-301F-11D3-BF4B-00C04F79EFBC}") = "ExcelExport", "ExcelExport\ExcelExport.csproj", "{70708BCB-FEE5-452F-AD46-C45FE7271106}"
EndProject
Global
	GlobalSection(SolutionConfigurationPlatforms) = preSolution
		Debug|Any CPU = Debug|Any CPU
		Release|Any CPU = Release|Any CPU
	EndGlobalSection
	GlobalSection(ProjectConfigurationPlatforms) = postSolution
		{70708BCB-FEE5-452F-AD46-C45FE7271106}.Debug|Any CPU.ActiveCfg = Debug|Any CPU
		{70708BCB-FEE5-452F-AD46-C45FE7271106}.Debug|Any CPU.Build.0 = Debug|Any CPU
		{70708BCB-FEE5-452F-AD46-C45FE7271106}.Release|Any CPU.ActiveCfg = Release|Any CPU
		{70708BCB-FEE5-452F-AD46-C45FE7271106}.Release|Any CPU.Build.0 = Release|Any CPU
	EndGlobalSection
	GlobalSection(SolutionProperties) = preSolution
		HideSolutionNode = FALSE
	EndGlobalSection
	GlobalSection(ExtensibilityGlobals) = postSolution
		SolutionGuid = {34B1815C-AFCD-4D2C-BC62-76F0A34E96D9}
	EndGlobalSection
EndGlobal
