
Microsoft Visual Studio Solution File, Format Version 12.00
# Visual Studio Version 16
VisualStudioVersion = 16.0.31515.178
MinimumVisualStudioVersion = 10.0.40219.1
Project("{FAE04EC0-301F-11D3-BF4B-00C04F79EFBC}") = "webszolgaltatasok_elerese", "webszolgaltatasok_elerese\webszolgaltatasok_elerese.csproj", "{C1811D06-5BFA-4BE3-921C-4FD292EB1E02}"
EndProject
Global
	GlobalSection(SolutionConfigurationPlatforms) = preSolution
		Debug|Any CPU = Debug|Any CPU
		Release|Any CPU = Release|Any CPU
	EndGlobalSection
	GlobalSection(ProjectConfigurationPlatforms) = postSolution
		{C1811D06-5BFA-4BE3-921C-4FD292EB1E02}.Debug|Any CPU.ActiveCfg = Debug|Any CPU
		{C1811D06-5BFA-4BE3-921C-4FD292EB1E02}.Debug|Any CPU.Build.0 = Debug|Any CPU
		{C1811D06-5BFA-4BE3-921C-4FD292EB1E02}.Release|Any CPU.ActiveCfg = Release|Any CPU
		{C1811D06-5BFA-4BE3-921C-4FD292EB1E02}.Release|Any CPU.Build.0 = Release|Any CPU
	EndGlobalSection
	GlobalSection(SolutionProperties) = preSolution
		HideSolutionNode = FALSE
	EndGlobalSection
	GlobalSection(ExtensibilityGlobals) = postSolution
		SolutionGuid = {36F4B24D-AC36-4AFE-B42B-4FB32016CE69}
	EndGlobalSection
EndGlobal
